{
    "_meta": {
        "hash": {
            "sha256": "e3e57e7d20ea88baa6687e67d55d9451db36750112015c29e8dc80375364643b"
        },
        "pipfile-spec": 6,
        "requires": {
            "python_version": "3.7"
        },
        "sources": [
            {
                "name": "pypi",
                "url": "https://pypi.org/simple",
                "verify_ssl": true
            }
        ]
    },
    "default": {},
    "develop": {
        "cpplint": {
            "hashes": [
                "sha256:a4fb2df986485fbe82603ab9a2832f8668b7253956eac2bfafb1374950eed01f",
                "sha256:c5d70711f06a7a8bfdc09bd7a19c13e114e009a70c8dc16caad1e5f0d2f3cc71"
            ],
            "index": "pypi",
            "version": "==1.5.4"
        }
    }
}
